
Microsoft Visual Studio Solution File, Format Version 11.00
# Visual C++ Express 2010
Project("{8BC9CEB8-8B4A-11D0-8D11-00A0C91BC942}") = "math", "modules\math.vcxproj", "{D8E74FAC-973C-42C6-B4DD-41F2B8114DEC}"
EndProject
Project("{8BC9CEB8-8B4A-11D0-8D11-00A0C91BC942}") = "time", "modules\time.vcxproj", "{5A95ECBC-49D0-4CF5-B814-BDEA9886817F}"
EndProject
Project("{8BC9CEB8-8B4A-11D0-8D11-00A0C91BC942}") = "threading", "modules\threading.vcxproj", "{CB828A6F-E023-4C36-A863-7DBF0CBFE33C}"
EndProject
Project("{8BC9CEB8-8B4A-11D0-8D11-00A0C91BC942}") = "os", "modules\os.vcxproj", "{ACC3A82B-0235-4120-81D8-C916A2B8A18D}"
EndProject
Project("{8BC9CEB8-8B4A-11D0-8D11-00A0C91BC942}") = "callback", "test\callback\callback.vcxproj", "{F51C9A7E-A39A-47ED-BB34-5E1C8B077C0A}"
EndProject
Project("{8BC9CEB8-8B4A-11D0-8D11-00A0C91BC942}") = "container", "test\container\container.vcxproj", "{4F50385C-74F4-440A-AB06-570625BEA8ED}"
EndProject
Project("{8BC9CEB8-8B4A-11D0-8D11-00A0C91BC942}") = "xemmai", "xemmai.vcxproj", "{4AEE7006-0B21-4A64-9302-91A3DC9BD8F4}"
EndProject
Global
	GlobalSection(SolutionConfigurationPlatforms) = preSolution
		Debug|Win32 = Debug|Win32
		Release|Win32 = Release|Win32
	EndGlobalSection
	GlobalSection(ProjectConfigurationPlatforms) = postSolution
		{D8E74FAC-973C-42C6-B4DD-41F2B8114DEC}.Debug|Win32.ActiveCfg = Debug|Win32
		{D8E74FAC-973C-42C6-B4DD-41F2B8114DEC}.Debug|Win32.Build.0 = Debug|Win32
		{D8E74FAC-973C-42C6-B4DD-41F2B8114DEC}.Release|Win32.ActiveCfg = Release|Win32
		{D8E74FAC-973C-42C6-B4DD-41F2B8114DEC}.Release|Win32.Build.0 = Release|Win32
		{5A95ECBC-49D0-4CF5-B814-BDEA9886817F}.Debug|Win32.ActiveCfg = Debug|Win32
		{5A95ECBC-49D0-4CF5-B814-BDEA9886817F}.Debug|Win32.Build.0 = Debug|Win32
		{5A95ECBC-49D0-4CF5-B814-BDEA9886817F}.Release|Win32.ActiveCfg = Release|Win32
		{5A95ECBC-49D0-4CF5-B814-BDEA9886817F}.Release|Win32.Build.0 = Release|Win32
		{CB828A6F-E023-4C36-A863-7DBF0CBFE33C}.Debug|Win32.ActiveCfg = Debug|Win32
		{CB828A6F-E023-4C36-A863-7DBF0CBFE33C}.Debug|Win32.Build.0 = Debug|Win32
		{CB828A6F-E023-4C36-A863-7DBF0CBFE33C}.Release|Win32.ActiveCfg = Release|Win32
		{CB828A6F-E023-4C36-A863-7DBF0CBFE33C}.Release|Win32.Build.0 = Release|Win32
		{ACC3A82B-0235-4120-81D8-C916A2B8A18D}.Debug|Win32.ActiveCfg = Debug|Win32
		{ACC3A82B-0235-4120-81D8-C916A2B8A18D}.Debug|Win32.Build.0 = Debug|Win32
		{ACC3A82B-0235-4120-81D8-C916A2B8A18D}.Release|Win32.ActiveCfg = Release|Win32
		{ACC3A82B-0235-4120-81D8-C916A2B8A18D}.Release|Win32.Build.0 = Release|Win32
		{F51C9A7E-A39A-47ED-BB34-5E1C8B077C0A}.Debug|Win32.ActiveCfg = Debug|Win32
		{F51C9A7E-A39A-47ED-BB34-5E1C8B077C0A}.Debug|Win32.Build.0 = Debug|Win32
		{F51C9A7E-A39A-47ED-BB34-5E1C8B077C0A}.Release|Win32.ActiveCfg = Release|Win32
		{F51C9A7E-A39A-47ED-BB34-5E1C8B077C0A}.Release|Win32.Build.0 = Release|Win32
		{4F50385C-74F4-440A-AB06-570625BEA8ED}.Debug|Win32.ActiveCfg = Debug|Win32
		{4F50385C-74F4-440A-AB06-570625BEA8ED}.Debug|Win32.Build.0 = Debug|Win32
		{4F50385C-74F4-440A-AB06-570625BEA8ED}.Release|Win32.ActiveCfg = Release|Win32
		{4F50385C-74F4-440A-AB06-570625BEA8ED}.Release|Win32.Build.0 = Release|Win32
		{4AEE7006-0B21-4A64-9302-91A3DC9BD8F4}.Debug|Win32.ActiveCfg = Debug|Win32
		{4AEE7006-0B21-4A64-9302-91A3DC9BD8F4}.Debug|Win32.Build.0 = Debug|Win32
		{4AEE7006-0B21-4A64-9302-91A3DC9BD8F4}.Release|Win32.ActiveCfg = Release|Win32
		{4AEE7006-0B21-4A64-9302-91A3DC9BD8F4}.Release|Win32.Build.0 = Release|Win32
	EndGlobalSection
	GlobalSection(SolutionProperties) = preSolution
		HideSolutionNode = FALSE
	EndGlobalSection
EndGlobal
